
Microsoft Visual Studio Solution File, Format Version 12.00
# Visual Studio Version 17
VisualStudioVersion = 17.12.35506.116
MinimumVisualStudioVersion = 10.0.40219.1
Project("{FAE04EC0-301F-11D3-BF4B-00C04F79EFBC}") = "UWUesports.Web", "UWUesports\UWUesports.Web.csproj", "{79A31F51-767A-470A-A281-485E814A9DFC}"
EndProject
Project("{FAE04EC0-301F-11D3-BF4B-00C04F79EFBC}") = "UWUesports.Application", "UWUesports.Application\UWUesports.Application.csproj", "{5BF6D821-F6CF-4565-9247-9082A0A7DA75}"
EndProject
Project("{FAE04EC0-301F-11D3-BF4B-00C04F79EFBC}") = "UWUesports.Domain", "UWUesports.Domain\UWUesports.Domain.csproj", "{40C29FF4-0766-4944-9138-64D5C90FD6E8}"
EndProject
Project("{FAE04EC0-301F-11D3-BF4B-00C04F79EFBC}") = "UWUesports.Infrastructure", "UWUesports.Infrastructure\UWUesports.Infrastructure.csproj", "{D91DAE87-AE12-4DB0-8A6D-4C3262013F31}"
EndProject
Global
	GlobalSection(SolutionConfigurationPlatforms) = preSolution
		Debug|Any CPU = Debug|Any CPU
		Release|Any CPU = Release|Any CPU
	EndGlobalSection
	GlobalSection(ProjectConfigurationPlatforms) = postSolution
		{79A31F51-767A-470A-A281-485E814A9DFC}.Debug|Any CPU.ActiveCfg = Debug|Any CPU
		{79A31F51-767A-470A-A281-485E814A9DFC}.Debug|Any CPU.Build.0 = Debug|Any CPU
		{79A31F51-767A-470A-A281-485E814A9DFC}.Release|Any CPU.ActiveCfg = Release|Any CPU
		{79A31F51-767A-470A-A281-485E814A9DFC}.Release|Any CPU.Build.0 = Release|Any CPU
		{5BF6D821-F6CF-4565-9247-9082A0A7DA75}.Debug|Any CPU.ActiveCfg = Debug|Any CPU
		{5BF6D821-F6CF-4565-9247-9082A0A7DA75}.Debug|Any CPU.Build.0 = Debug|Any CPU
		{5BF6D821-F6CF-4565-9247-9082A0A7DA75}.Release|Any CPU.ActiveCfg = Release|Any CPU
		{5BF6D821-F6CF-4565-9247-9082A0A7DA75}.Release|Any CPU.Build.0 = Release|Any CPU
		{40C29FF4-0766-4944-9138-64D5C90FD6E8}.Debug|Any CPU.ActiveCfg = Debug|Any CPU
		{40C29FF4-0766-4944-9138-64D5C90FD6E8}.Debug|Any CPU.Build.0 = Debug|Any CPU
		{40C29FF4-0766-4944-9138-64D5C90FD6E8}.Release|Any CPU.ActiveCfg = Release|Any CPU
		{40C29FF4-0766-4944-9138-64D5C90FD6E8}.Release|Any CPU.Build.0 = Release|Any CPU
		{D91DAE87-AE12-4DB0-8A6D-4C3262013F31}.Debug|Any CPU.ActiveCfg = Debug|Any CPU
		{D91DAE87-AE12-4DB0-8A6D-4C3262013F31}.Debug|Any CPU.Build.0 = Debug|Any CPU
		{D91DAE87-AE12-4DB0-8A6D-4C3262013F31}.Release|Any CPU.ActiveCfg = Release|Any CPU
		{D91DAE87-AE12-4DB0-8A6D-4C3262013F31}.Release|Any CPU.Build.0 = Release|Any CPU
	EndGlobalSection
	GlobalSection(SolutionProperties) = preSolution
		HideSolutionNode = FALSE
	EndGlobalSection
EndGlobal
